
Microsoft Visual Studio Solution File, Format Version 12.00
# Visual Studio Version 17
VisualStudioVersion = 17.0.32112.339
MinimumVisualStudioVersion = 10.0.40219.1
Project("{9A19103F-16F7-4668-BE54-9A1E7A4F7556}") = "Biblioteca", "Biblioteca\Biblioteca.csproj", "{C47466FB-9C0C-46D6-8622-EA2BBF7A3446}"
EndProject
Project("{9A19103F-16F7-4668-BE54-9A1E7A4F7556}") = "Consola", "Consola\Consola.csproj", "{69188152-9172-4C07-BB5B-C7C092653EF0}"
EndProject
Project("{FAE04EC0-301F-11D3-BF4B-00C04F79EFBC}") = "TestsVerdaderos", "TestsVerdaderos\TestsVerdaderos.csproj", "{022204BB-80E7-45C7-A6CA-AD47C3408BA0}"
EndProject
Global
	GlobalSection(SolutionConfigurationPlatforms) = preSolution
		Debug|Any CPU = Debug|Any CPU
		Release|Any CPU = Release|Any CPU
	EndGlobalSection
	GlobalSection(ProjectConfigurationPlatforms) = postSolution
		{C47466FB-9C0C-46D6-8622-EA2BBF7A3446}.Debug|Any CPU.ActiveCfg = Debug|Any CPU
		{C47466FB-9C0C-46D6-8622-EA2BBF7A3446}.Debug|Any CPU.Build.0 = Debug|Any CPU
		{C47466FB-9C0C-46D6-8622-EA2BBF7A3446}.Release|Any CPU.ActiveCfg = Release|Any CPU
		{C47466FB-9C0C-46D6-8622-EA2BBF7A3446}.Release|Any CPU.Build.0 = Release|Any CPU
		{69188152-9172-4C07-BB5B-C7C092653EF0}.Debug|Any CPU.ActiveCfg = Debug|Any CPU
		{69188152-9172-4C07-BB5B-C7C092653EF0}.Debug|Any CPU.Build.0 = Debug|Any CPU
		{69188152-9172-4C07-BB5B-C7C092653EF0}.Release|Any CPU.ActiveCfg = Release|Any CPU
		{69188152-9172-4C07-BB5B-C7C092653EF0}.Release|Any CPU.Build.0 = Release|Any CPU
		{022204BB-80E7-45C7-A6CA-AD47C3408BA0}.Debug|Any CPU.ActiveCfg = Debug|Any CPU
		{022204BB-80E7-45C7-A6CA-AD47C3408BA0}.Debug|Any CPU.Build.0 = Debug|Any CPU
		{022204BB-80E7-45C7-A6CA-AD47C3408BA0}.Release|Any CPU.ActiveCfg = Release|Any CPU
		{022204BB-80E7-45C7-A6CA-AD47C3408BA0}.Release|Any CPU.Build.0 = Release|Any CPU
	EndGlobalSection
	GlobalSection(SolutionProperties) = preSolution
		HideSolutionNode = FALSE
	EndGlobalSection
	GlobalSection(ExtensibilityGlobals) = postSolution
		SolutionGuid = {A51B910D-2EAB-4064-882E-F4CD35CAD198}
	EndGlobalSection
EndGlobal
